// !$*UTF8*$!
{
	archiveVersion = 1;
	classes = {
	};
	objectVersion = 46;
	objects = {

/* Begin PBXBuildFile section */
		45FD97A11CA9115900898E14 /* main.m in Sources */ = {isa = PBXBuildFile; fileRef = 45FD97A01CA9115900898E14 /* main.m */; };
		45FD97AC1CA9115900898E14 /* Assets.xcassets in Resources */ = {isa = PBXBuildFile; fileRef = 45FD97AB1CA9115900898E14 /* Assets.xcassets */; };
		45FD97AF1CA9115900898E14 /* LaunchScreen.storyboard in Resources */ = {isa = PBXBuildFile; fileRef = 45FD97AD1CA9115900898E14 /* LaunchScreen.storyboard */; };
		45FD97BF1CA9118200898E14 /* AppDelegate.m in Sources */ = {isa = PBXBuildFile; fileRef = 45FD97B81CA9118200898E14 /* AppDelegate.m */; };
		45FD97C01CA9118200898E14 /* BootLogic.m in Sources */ = {isa = PBXBuildFile; fileRef = 45FD97BA1CA9118200898E14 /* BootLogic.m */; };
		45FD97C11CA9118200898E14 /* ConsoleScreen.m in Sources */ = {isa = PBXBuildFile; fileRef = 45FD97BC1CA9118200898E14 /* ConsoleScreen.m */; };
		45FD97C21CA9118200898E14 /* MainScreen.m in Sources */ = {isa = PBXBuildFile; fileRef = 45FD97BE1CA9118200898E14 /* MainScreen.m */; };
		45FD97C71CA911FD00898E14 /* MutableArray.m in Sources */ = {isa = PBXBuildFile; fileRef = 45FD97C61CA911FD00898E14 /* MutableArray.m */; };
		45FD97CA1CA9129700898E14 /* NSMutableArray+Extend.m in Sources */ = {isa = PBXBuildFile; fileRef = 45FD97C91CA9129700898E14 /* NSMutableArray+Extend.m */; };
/* End PBXBuildFile section */

/* Begin PBXFileReference section */
		45FD979C1CA9115900898E14 /* MutableArrayCategory.app */ = {isa = PBXFileReference; explicitFileType = wrapper.application; includeInIndex = 0; path = MutableArrayCategory.app; sourceTree = BUILT_PRODUCTS_DIR; };
		45FD97A01CA9115900898E14 /* main.m */ = {isa = PBXFileReference; lastKnownFileType = sourcecode.c.objc; path = main.m; sourceTree = "<group>"; };
		45FD97AB1CA9115900898E14 /* Assets.xcassets */ = {isa = PBXFileReference; lastKnownFileType = folder.assetcatalog; path = Assets.xcassets; sourceTree = "<group>"; };
		45FD97AE1CA9115900898E14 /* Base */ = {isa = PBXFileReference; lastKnownFileType = file.storyboard; name = Base; path = Base.lproj/LaunchScreen.storyboard; sourceTree = "<group>"; };
		45FD97B01CA9115900898E14 /* Info.plist */ = {isa = PBXFileReference; lastKnownFileType = text.plist.xml; path = Info.plist; sourceTree = "<group>"; };
		45FD97B71CA9118200898E14 /* AppDelegate.h */ = {isa = PBXFileReference; fileEncoding = 4; lastKnownFileType = sourcecode.c.h; path = AppDelegate.h; sourceTree = "<group>"; };
		45FD97B81CA9118200898E14 /* AppDelegate.m */ = {isa = PBXFileReference; fileEncoding = 4; lastKnownFileType = sourcecode.c.objc; path = AppDelegate.m; sourceTree = "<group>"; };
		45FD97B91CA9118200898E14 /* BootLogic.h */ = {isa = PBXFileReference; fileEncoding = 4; lastKnownFileType = sourcecode.c.h; path = BootLogic.h; sourceTree = "<group>"; };
		45FD97BA1CA9118200898E14 /* BootLogic.m */ = {isa = PBXFileReference; fileEncoding = 4; lastKnownFileType = sourcecode.c.objc; path = BootLogic.m; sourceTree = "<group>"; };
		45FD97BB1CA9118200898E14 /* ConsoleScreen.h */ = {isa = PBXFileReference; fileEncoding = 4; lastKnownFileType = sourcecode.c.h; path = ConsoleScreen.h; sourceTree = "<group>"; };
		45FD97BC1CA9118200898E14 /* ConsoleScreen.m */ = {isa = PBXFileReference; fileEncoding = 4; lastKnownFileType = sourcecode.c.objc; path = ConsoleScreen.m; sourceTree = "<group>"; };
		45FD97BD1CA9118200898E14 /* MainScreen.h */ = {isa = PBXFileReference; fileEncoding = 4; lastKnownFileType = sourcecode.c.h; path = MainScreen.h; sourceTree = "<group>"; };
		45FD97BE1CA9118200898E14 /* MainScreen.m */ = {isa = PBXFileReference; fileEncoding = 4; lastKnownFileType = sourcecode.c.objc; path = MainScreen.m; sourceTree = "<group>"; };
		45FD97C51CA911FD00898E14 /* MutableArray.h */ = {isa = PBXFileReference; fileEncoding = 4; lastKnownFileType = sourcecode.c.h; path = MutableArray.h; sourceTree = "<group>"; };
		45FD97C61CA911FD00898E14 /* MutableArray.m */ = {isa = PBXFileReference; fileEncoding = 4; lastKnownFileType = sourcecode.c.objc; path = MutableArray.m; sourceTree = "<group>"; };
		45FD97C81CA9129700898E14 /* NSMutableArray+Extend.h */ = {isa = PBXFileReference; fileEncoding = 4; lastKnownFileType = sourcecode.c.h; path = "NSMutableArray+Extend.h"; sourceTree = "<group>"; };
		45FD97C91CA9129700898E14 /* NSMutableArray+Extend.m */ = {isa = PBXFileReference; fileEncoding = 4; lastKnownFileType = sourcecode.c.objc; path = "NSMutableArray+Extend.m"; sourceTree = "<group>"; };
/* End PBXFileReference section */

/* Begin PBXFrameworksBuildPhase section */
		45FD97991CA9115900898E14 /* Frameworks */ = {
			isa = PBXFrameworksBuildPhase;
			buildActionMask = 2147483647;
			files = (
			);
			runOnlyForDeploymentPostprocessing = 0;
		};
/* End PBXFrameworksBuildPhase section */

/* Begin PBXGroup section */
		45FD97931CA9115900898E14 = {
			isa = PBXGroup;
			children = (
				45FD979E1CA9115900898E14 /* MutableArrayCategory */,
				45FD979D1CA9115900898E14 /* Products */,
			);
			sourceTree = "<group>";
		};
		45FD979D1CA9115900898E14 /* Products */ = {
			isa = PBXGroup;
			children = (
				45FD979C1CA9115900898E14 /* MutableArrayCategory.app */,
			);
			name = Products;
			sourceTree = "<group>";
		};
		45FD979E1CA9115900898E14 /* MutableArrayCategory */ = {
			isa = PBXGroup;
			children = (
				45FD97B61CA9117200898E14 /* Core */,
				45FD97C41CA911A900898E14 /* Array */,
				45FD97AB1CA9115900898E14 /* Assets.xcassets */,
				45FD97AD1CA9115900898E14 /* LaunchScreen.storyboard */,
				45FD97B01CA9115900898E14 /* Info.plist */,
				45FD979F1CA9115900898E14 /* Supporting Files */,
			);
			path = MutableArrayCategory;
			sourceTree = "<group>";
		};
		45FD979F1CA9115900898E14 /* Supporting Files */ = {
			isa = PBXGroup;
			children = (
				45FD97A01CA9115900898E14 /* main.m */,
			);
			name = "Supporting Files";
			sourceTree = "<group>";
		};
		45FD97B61CA9117200898E14 /* Core */ = {
			isa = PBXGroup;
			children = (
				45FD97B71CA9118200898E14 /* AppDelegate.h */,
				45FD97B81CA9118200898E14 /* AppDelegate.m */,
				45FD97B91CA9118200898E14 /* BootLogic.h */,
				45FD97BA1CA9118200898E14 /* BootLogic.m */,
				45FD97BB1CA9118200898E14 /* ConsoleScreen.h */,
				45FD97BC1CA9118200898E14 /* ConsoleScreen.m */,
				45FD97BD1CA9118200898E14 /* MainScreen.h */,
				45FD97BE1CA9118200898E14 /* MainScreen.m */,
			);
			name = Core;
			sourceTree = "<group>";
		};
		45FD97C41CA911A900898E14 /* Array */ = {
			isa = PBXGroup;
			children = (
				45FD97C51CA911FD00898E14 /* MutableArray.h */,
				45FD97C61CA911FD00898E14 /* MutableArray.m */,
				45FD97C81CA9129700898E14 /* NSMutableArray+Extend.h */,
				45FD97C91CA9129700898E14 /* NSMutableArray+Extend.m */,
			);
			name = Array;
			sourceTree = "<group>";
		};
/* End PBXGroup section */

/* Begin PBXNativeTarget section */
		45FD979B1CA9115900898E14 /* MutableArrayCategory */ = {
			isa = PBXNativeTarget;
			buildConfigurationList = 45FD97B31CA9115900898E14 /* Build configuration list for PBXNativeTarget "MutableArrayCategory" */;
			buildPhases = (
				45FD97981CA9115900898E14 /* Sources */,
				45FD97991CA9115900898E14 /* Frameworks */,
				45FD979A1CA9115900898E14 /* Resources */,
			);
			buildRules = (
			);
			dependencies = (
			);
			name = MutableArrayCategory;
			productName = MutableArrayCategory;
			productReference = 45FD979C1CA9115900898E14 /* MutableArrayCategory.app */;
			productType = "com.apple.product-type.application";
		};
/* End PBXNativeTarget section */

/* Begin PBXProject section */
		45FD97941CA9115900898E14 /* Project object */ = {
			isa = PBXProject;
			attributes = {
				LastUpgradeCheck = 0720;
				ORGANIZATIONNAME = "Tin Blanc";
				TargetAttributes = {
					45FD979B1CA9115900898E14 = {
						CreatedOnToolsVersion = 7.2;
						DevelopmentTeam = 6TY8547B3M;
					};
				};
			};
			buildConfigurationList = 45FD97971CA9115900898E14 /* Build configuration list for PBXProject "MutableArrayCategory" */;
			compatibilityVersion = "Xcode 3.2";
			developmentRegion = English;
			hasScannedForEncodings = 0;
			knownRegions = (
				en,
				Base,
			);
			mainGroup = 45FD97931CA9115900898E14;
			productRefGroup = 45FD979D1CA9115900898E14 /* Products */;
			projectDirPath = "";
			projectRoot = "";
			targets = (
				45FD979B1CA9115900898E14 /* MutableArrayCategory */,
			);
		};
/* End PBXProject section */

/* Begin PBXResourcesBuildPhase section */
		45FD979A1CA9115900898E14 /* Resources */ = {
			isa = PBXResourcesBuildPhase;
			buildActionMask = 2147483647;
			files = (
				45FD97AF1CA9115900898E14 /* LaunchScreen.storyboard in Resources */,
				45FD97AC1CA9115900898E14 /* Assets.xcassets in Resources */,
			);
			runOnlyForDeploymentPostprocessing = 0;
		};
/* End PBXResourcesBuildPhase section */

/* Begin PBXSourcesBuildPhase section */
		45FD97981CA9115900898E14 /* Sources */ = {
			isa = PBXSourcesBuildPhase;
			buildActionMask = 2147483647;
			files = (
				45FD97C01CA9118200898E14 /* BootLogic.m in Sources */,
				45FD97C21CA9118200898E14 /* MainScreen.m in Sources */,
				45FD97C71CA911FD00898E14 /* MutableArray.m in Sources */,
				45FD97C11CA9118200898E14 /* ConsoleScreen.m in Sources */,
				45FD97BF1CA9118200898E14 /* AppDelegate.m in Sources */,
				45FD97A11CA9115900898E14 /* main.m in Sources */,
				45FD97CA1CA9129700898E14 /* NSMutableArray+Extend.m in Sources */,
			);
			runOnlyForDeploymentPostprocessing = 0;
		};
/* End PBXSourcesBuildPhase section */

/* Begin PBXVariantGroup section */
		45FD97AD1CA9115900898E14 /* LaunchScreen.storyboard */ = {
			isa = PBXVariantGroup;
			children = (
				45FD97AE1CA9115900898E14 /* Base */,
			);
			name = LaunchScreen.storyboard;
			sourceTree = "<group>";
		};
/* End PBXVariantGroup section */

/* Begin XCBuildConfiguration section */
		45FD97B11CA9115900898E14 /* Debug */ = {
			isa = XCBuildConfiguration;
			buildSettings = {
				ALWAYS_SEARCH_USER_PATHS = NO;
				CLANG_CXX_LANGUAGE_STANDARD = "gnu++0x";
				CLANG_CXX_LIBRARY = "libc++";
				CLANG_ENABLE_MODULES = YES;
				CLANG_ENABLE_OBJC_ARC = YES;
				CLANG_WARN_BOOL_CONVERSION = YES;
				CLANG_WARN_CONSTANT_CONVERSION = YES;
				CLANG_WARN_DIRECT_OBJC_ISA_USAGE = YES_ERROR;
				CLANG_WARN_EMPTY_BODY = YES;
				CLANG_WARN_ENUM_CONVERSION = YES;
				CLANG_WARN_INT_CONVERSION = YES;
				CLANG_WARN_OBJC_ROOT_CLASS = YES_ERROR;
				CLANG_WARN_UNREACHABLE_CODE = YES;
				CLANG_WARN__DUPLICATE_METHOD_MATCH = YES;
				"CODE_SIGN_IDENTITY[sdk=iphoneos*]" = "iPhone Developer";
				COPY_PHASE_STRIP = NO;
				DEBUG_INFORMATION_FORMAT = dwarf;
				ENABLE_STRICT_OBJC_MSGSEND = YES;
				ENABLE_TESTABILITY = YES;
				GCC_C_LANGUAGE_STANDARD = gnu99;
				GCC_DYNAMIC_NO_PIC = NO;
				GCC_NO_COMMON_BLOCKS = YES;
				GCC_OPTIMIZATION_LEVEL = 0;
				GCC_PREPROCESSOR_DEFINITIONS = (
					"DEBUG=1",
					"$(inherited)",
				);
				GCC_WARN_64_TO_32_BIT_CONVERSION = YES;
				GCC_WARN_ABOUT_RETURN_TYPE = YES_ERROR;
				GCC_WARN_UNDECLARED_SELECTOR = YES;
				GCC_WARN_UNINITIALIZED_AUTOS = YES_AGGRESSIVE;
				GCC_WARN_UNUSED_FUNCTION = YES;
				GCC_WARN_UNUSED_VARIABLE = YES;
				IPHONEOS_DEPLOYMENT_TARGET = 9.2;
				MTL_ENABLE_DEBUG_INFO = YES;
				ONLY_ACTIVE_ARCH = YES;
				SDKROOT = iphoneos;
			};
			name = Debug;
		};
		45FD97B21CA9115900898E14 /* Release */ = {
			isa = XCBuildConfiguration;
			buildSettings = {
				ALWAYS_SEARCH_USER_PATHS = NO;
				CLANG_CXX_LANGUAGE_STANDARD = "gnu++0x";
				CLANG_CXX_LIBRARY = "libc++";
				CLANG_ENABLE_MODULES = YES;
				CLANG_ENABLE_OBJC_ARC = YES;
				CLANG_WARN_BOOL_CONVERSION = YES;
				CLANG_WARN_CONSTANT_CONVERSION = YES;
				CLANG_WARN_DIRECT_OBJC_ISA_USAGE = YES_ERROR;
				CLANG_WARN_EMPTY_BODY = YES;
				CLANG_WARN_ENUM_CONVERSION = YES;
				CLANG_WARN_INT_CONVERSION = YES;
				CLANG_WARN_OBJC_ROOT_CLASS = YES_ERROR;
				CLANG_WARN_UNREACHABLE_CODE = YES;
				CLANG_WARN__DUPLICATE_METHOD_MATCH = YES;
				"CODE_SIGN_IDENTITY[sdk=iphoneos*]" = "iPhone Developer";
				COPY_PHASE_STRIP = NO;
				DEBUG_INFORMATION_FORMAT = "dwarf-with-dsym";
				ENABLE_NS_ASSERTIONS = NO;
				ENABLE_STRICT_OBJC_MSGSEND = YES;
				GCC_C_LANGUAGE_STANDARD = gnu99;
				GCC_NO_COMMON_BLOCKS = YES;
				GCC_WARN_64_TO_32_BIT_CONVERSION = YES;
				GCC_WARN_ABOUT_RETURN_TYPE = YES_ERROR;
				GCC_WARN_UNDECLARED_SELECTOR = YES;
				GCC_WARN_UNINITIALIZED_AUTOS = YES_AGGRESSIVE;
				GCC_WARN_UNUSED_FUNCTION = YES;
				GCC_WARN_UNUSED_VARIABLE = YES;
				IPHONEOS_DEPLOYMENT_TARGET = 9.2;
				MTL_ENABLE_DEBUG_INFO = NO;
				SDKROOT = iphoneos;
				VALIDATE_PRODUCT = YES;
			};
			name = Release;
		};
		45FD97B41CA9115900898E14 /* Debug */ = {
			isa = XCBuildConfiguration;
			buildSettings = {
				ASSETCATALOG_COMPILER_APPICON_NAME = AppIcon;
				INFOPLIST_FILE = MutableArrayCategory/Info.plist;
				LD_RUNPATH_SEARCH_PATHS = "$(inherited) @executable_path/Frameworks";
				PRODUCT_BUNDLE_IDENTIFIER = vn.techmaster.MutableArrayCategory;
				PRODUCT_NAME = "$(TARGET_NAME)";
			};
			name = Debug;
		};
		45FD97B51CA9115900898E14 /* Release */ = {
			isa = XCBuildConfiguration;
			buildSettings = {
				ASSETCATALOG_COMPILER_APPICON_NAME = AppIcon;
				INFOPLIST_FILE = MutableArrayCategory/Info.plist;
				LD_RUNPATH_SEARCH_PATHS = "$(inherited) @executable_path/Frameworks";
				PRODUCT_BUNDLE_IDENTIFIER = vn.techmaster.MutableArrayCategory;
				PRODUCT_NAME = "$(TARGET_NAME)";
			};
			name = Release;
		};
/* End XCBuildConfiguration section */

/* Begin XCConfigurationList section */
		45FD97971CA9115900898E14 /* Build configuration list for PBXProject "MutableArrayCategory" */ = {
			isa = XCConfigurationList;
			buildConfigurations = (
				45FD97B11CA9115900898E14 /* Debug */,
				45FD97B21CA9115900898E14 /* Release */,
			);
			defaultConfigurationIsVisible = 0;
			defaultConfigurationName = Release;
		};
		45FD97B31CA9115900898E14 /* Build configuration list for PBXNativeTarget "MutableArrayCategory" */ = {
			isa = XCConfigurationList;
			buildConfigurations = (
				45FD97B41CA9115900898E14 /* Debug */,
				45FD97B51CA9115900898E14 /* Release */,
			);
			defaultConfigurationIsVisible = 0;
		};
/* End XCConfigurationList section */
	};
	rootObject = 45FD97941CA9115900898E14 /* Project object */;
}
